
Microsoft Visual Studio Solution File, Format Version 12.00
# Visual Studio 15
VisualStudioVersion = 15.0.27004.2010
MinimumVisualStudioVersion = 10.0.40219.1
Project("{FAE04EC0-301F-11D3-BF4B-00C04F79EFBC}") = "Thrift.Server", "Thrift.Server\Thrift.Server.csproj", "{A49454B1-B4C8-4E63-BFC2-43116652D6C1}"
EndProject
Project("{FAE04EC0-301F-11D3-BF4B-00C04F79EFBC}") = "Thrift.Client", "Thrift.Client\Thrift.Client.csproj", "{268A3724-6B89-4705-ACA2-8C22C55CBBCC}"
EndProject
Project("{FAE04EC0-301F-11D3-BF4B-00C04F79EFBC}") = "Thrift.Common", "Thrift.Common\Thrift.Common.csproj", "{C8409CD8-E42C-4422-82DC-ADC44A2A8C06}"
EndProject
Global
	GlobalSection(SolutionConfigurationPlatforms) = preSolution
		Debug|Any CPU = Debug|Any CPU
		Release|Any CPU = Release|Any CPU
	EndGlobalSection
	GlobalSection(ProjectConfigurationPlatforms) = postSolution
		{A49454B1-B4C8-4E63-BFC2-43116652D6C1}.Debug|Any CPU.ActiveCfg = Debug|Any CPU
		{A49454B1-B4C8-4E63-BFC2-43116652D6C1}.Debug|Any CPU.Build.0 = Debug|Any CPU
		{A49454B1-B4C8-4E63-BFC2-43116652D6C1}.Release|Any CPU.ActiveCfg = Release|Any CPU
		{A49454B1-B4C8-4E63-BFC2-43116652D6C1}.Release|Any CPU.Build.0 = Release|Any CPU
		{268A3724-6B89-4705-ACA2-8C22C55CBBCC}.Debug|Any CPU.ActiveCfg = Debug|Any CPU
		{268A3724-6B89-4705-ACA2-8C22C55CBBCC}.Debug|Any CPU.Build.0 = Debug|Any CPU
		{268A3724-6B89-4705-ACA2-8C22C55CBBCC}.Release|Any CPU.ActiveCfg = Release|Any CPU
		{268A3724-6B89-4705-ACA2-8C22C55CBBCC}.Release|Any CPU.Build.0 = Release|Any CPU
		{C8409CD8-E42C-4422-82DC-ADC44A2A8C06}.Debug|Any CPU.ActiveCfg = Debug|Any CPU
		{C8409CD8-E42C-4422-82DC-ADC44A2A8C06}.Debug|Any CPU.Build.0 = Debug|Any CPU
		{C8409CD8-E42C-4422-82DC-ADC44A2A8C06}.Release|Any CPU.ActiveCfg = Release|Any CPU
		{C8409CD8-E42C-4422-82DC-ADC44A2A8C06}.Release|Any CPU.Build.0 = Release|Any CPU
	EndGlobalSection
	GlobalSection(SolutionProperties) = preSolution
		HideSolutionNode = FALSE
	EndGlobalSection
	GlobalSection(ExtensibilityGlobals) = postSolution
		SolutionGuid = {BA28C343-7A0F-4A68-980A-A867389E5039}
	EndGlobalSection
EndGlobal
